
Microsoft Visual Studio Solution File, Format Version 12.00
# Visual Studio Version 17
VisualStudioVersion = 17.8.34601.278
MinimumVisualStudioVersion = 10.0.40219.1
Project("{FAE04EC0-301F-11D3-BF4B-00C04F79EFBC}") = "MartenNewtonsoftCollections", "MartenNewtonsoftCollections\MartenNewtonsoftCollections.csproj", "{391BC822-93A2-46B5-A668-12CD047704FE}"
EndProject
Global
	GlobalSection(SolutionConfigurationPlatforms) = preSolution
		Debug|Any CPU = Debug|Any CPU
		Release|Any CPU = Release|Any CPU
	EndGlobalSection
	GlobalSection(ProjectConfigurationPlatforms) = postSolution
		{391BC822-93A2-46B5-A668-12CD047704FE}.Debug|Any CPU.ActiveCfg = Debug|Any CPU
		{391BC822-93A2-46B5-A668-12CD047704FE}.Debug|Any CPU.Build.0 = Debug|Any CPU
		{391BC822-93A2-46B5-A668-12CD047704FE}.Release|Any CPU.ActiveCfg = Release|Any CPU
		{391BC822-93A2-46B5-A668-12CD047704FE}.Release|Any CPU.Build.0 = Release|Any CPU
	EndGlobalSection
	GlobalSection(SolutionProperties) = preSolution
		HideSolutionNode = FALSE
	EndGlobalSection
	GlobalSection(ExtensibilityGlobals) = postSolution
		SolutionGuid = {FC38400A-F4AC-49B1-A5DB-42740E2AA356}
	EndGlobalSection
EndGlobal
